
Microsoft Visual Studio Solution File, Format Version 12.00
# Visual Studio Version 16
VisualStudioVersion = 16.0.31313.79
MinimumVisualStudioVersion = 10.0.40219.1
Project("{FAE04EC0-301F-11D3-BF4B-00C04F79EFBC}") = "AreaOfCircle", "AreaOfCircle\AreaOfCircle.csproj", "{F448EC2F-728A-472A-A492-BD771F01B6CF}"
EndProject
Global
	GlobalSection(SolutionConfigurationPlatforms) = preSolution
		Debug|Any CPU = Debug|Any CPU
		Release|Any CPU = Release|Any CPU
	EndGlobalSection
	GlobalSection(ProjectConfigurationPlatforms) = postSolution
		{F448EC2F-728A-472A-A492-BD771F01B6CF}.Debug|Any CPU.ActiveCfg = Debug|Any CPU
		{F448EC2F-728A-472A-A492-BD771F01B6CF}.Debug|Any CPU.Build.0 = Debug|Any CPU
		{F448EC2F-728A-472A-A492-BD771F01B6CF}.Release|Any CPU.ActiveCfg = Release|Any CPU
		{F448EC2F-728A-472A-A492-BD771F01B6CF}.Release|Any CPU.Build.0 = Release|Any CPU
	EndGlobalSection
	GlobalSection(SolutionProperties) = preSolution
		HideSolutionNode = FALSE
	EndGlobalSection
	GlobalSection(ExtensibilityGlobals) = postSolution
		SolutionGuid = {5DD331F1-6440-48B9-8DF9-CA82786E9F13}
	EndGlobalSection
EndGlobal
